
Microsoft Visual Studio Solution File, Format Version 12.00
# Visual Studio Version 17
VisualStudioVersion = 17.7.34003.232
MinimumVisualStudioVersion = 10.0.40219.1
Project("{9A19103F-16F7-4668-BE54-9A1E7A4F7556}") = "LearningBackEnd", "LearningBackEnd\LearningBackEnd.csproj", "{F47F935A-429E-48A3-828C-7C9965588A8C}"
EndProject
Project("{9A19103F-16F7-4668-BE54-9A1E7A4F7556}") = "TestAutodeskForge", "..\TestAutodeskForge\TestAutodeskForge.csproj", "{AA184C03-348E-4C6F-B380-190C827EE233}"
EndProject
Project("{9A19103F-16F7-4668-BE54-9A1E7A4F7556}") = "Shop", "Shop\Shop.csproj", "{FABD4559-6E93-4399-8DC6-50626BA2F0DC}"
EndProject
Project("{FAE04EC0-301F-11D3-BF4B-00C04F79EFBC}") = "Shop.Models", "Shop.Models\Shop.Models.csproj", "{515D32C0-B847-4F26-83B1-37E4A07AECF0}"
EndProject
Global
	GlobalSection(SolutionConfigurationPlatforms) = preSolution
		Debug|Any CPU = Debug|Any CPU
		Release|Any CPU = Release|Any CPU
	EndGlobalSection
	GlobalSection(ProjectConfigurationPlatforms) = postSolution
		{F47F935A-429E-48A3-828C-7C9965588A8C}.Debug|Any CPU.ActiveCfg = Debug|Any CPU
		{F47F935A-429E-48A3-828C-7C9965588A8C}.Debug|Any CPU.Build.0 = Debug|Any CPU
		{F47F935A-429E-48A3-828C-7C9965588A8C}.Release|Any CPU.ActiveCfg = Release|Any CPU
		{F47F935A-429E-48A3-828C-7C9965588A8C}.Release|Any CPU.Build.0 = Release|Any CPU
		{AA184C03-348E-4C6F-B380-190C827EE233}.Debug|Any CPU.ActiveCfg = Debug|Any CPU
		{AA184C03-348E-4C6F-B380-190C827EE233}.Debug|Any CPU.Build.0 = Debug|Any CPU
		{AA184C03-348E-4C6F-B380-190C827EE233}.Release|Any CPU.ActiveCfg = Release|Any CPU
		{AA184C03-348E-4C6F-B380-190C827EE233}.Release|Any CPU.Build.0 = Release|Any CPU
		{FABD4559-6E93-4399-8DC6-50626BA2F0DC}.Debug|Any CPU.ActiveCfg = Debug|Any CPU
		{FABD4559-6E93-4399-8DC6-50626BA2F0DC}.Debug|Any CPU.Build.0 = Debug|Any CPU
		{FABD4559-6E93-4399-8DC6-50626BA2F0DC}.Release|Any CPU.ActiveCfg = Release|Any CPU
		{FABD4559-6E93-4399-8DC6-50626BA2F0DC}.Release|Any CPU.Build.0 = Release|Any CPU
		{515D32C0-B847-4F26-83B1-37E4A07AECF0}.Debug|Any CPU.ActiveCfg = Debug|Any CPU
		{515D32C0-B847-4F26-83B1-37E4A07AECF0}.Debug|Any CPU.Build.0 = Debug|Any CPU
		{515D32C0-B847-4F26-83B1-37E4A07AECF0}.Release|Any CPU.ActiveCfg = Release|Any CPU
		{515D32C0-B847-4F26-83B1-37E4A07AECF0}.Release|Any CPU.Build.0 = Release|Any CPU
	EndGlobalSection
	GlobalSection(SolutionProperties) = preSolution
		HideSolutionNode = FALSE
	EndGlobalSection
	GlobalSection(ExtensibilityGlobals) = postSolution
		SolutionGuid = {DC013376-3004-4BD0-98D9-9C488965FC41}
	EndGlobalSection
EndGlobal
